// !$*UTF8*$!
{
	archiveVersion = 1;
	classes = {
	};
	objectVersion = 71;
	objects = {

/* Begin PBXBuildFile section */
		010000000000000000000001 /* AutoEnglishApp.swift in Sources */ = {isa = PBXBuildFile; fileRef = 020000000000000000000001 /* AutoEnglishApp.swift */; };
		010000000000000000000002 /* ContentView.swift in Sources */ = {isa = PBXBuildFile; fileRef = 020000000000000000000002 /* ContentView.swift */; };
		010000000000000000000003 /* SafariServices.framework in Frameworks */ = {isa = PBXBuildFile; fileRef = 020000000000000000000012 /* SafariServices.framework */; };
		010000000000000000000004 /* Translation.framework in Frameworks */ = {isa = PBXBuildFile; fileRef = 020000000000000000000013 /* Translation.framework */; };
		010000000000000000000005 /* SafariWebExtensionHandler.swift in Sources */ = {isa = PBXBuildFile; fileRef = 020000000000000000000005 /* SafariWebExtensionHandler.swift */; };
		010000000000000000000006 /* TranslationService.swift in Sources */ = {isa = PBXBuildFile; fileRef = 020000000000000000000006 /* TranslationService.swift */; };
		010000000000000000000007 /* TranslationCache.swift in Sources */ = {isa = PBXBuildFile; fileRef = 020000000000000000000007 /* TranslationCache.swift */; };
		010000000000000000000008 /* SafariServices.framework in Frameworks */ = {isa = PBXBuildFile; fileRef = 020000000000000000000012 /* SafariServices.framework */; };
		010000000000000000000009 /* Translation.framework in Frameworks */ = {isa = PBXBuildFile; fileRef = 020000000000000000000013 /* Translation.framework */; };
		01000000000000000000000A /* manifest.json in Resources */ = {isa = PBXBuildFile; fileRef = 020000000000000000000008 /* manifest.json */; };
		01000000000000000000000B /* shared.js in Resources */ = {isa = PBXBuildFile; fileRef = 020000000000000000000009 /* shared.js */; };
		01000000000000000000000C /* background.js in Resources */ = {isa = PBXBuildFile; fileRef = 02000000000000000000000A /* background.js */; };
		01000000000000000000000D /* content.js in Resources */ = {isa = PBXBuildFile; fileRef = 02000000000000000000000B /* content.js */; };
		01000000000000000000000E /* popup.html in Resources */ = {isa = PBXBuildFile; fileRef = 02000000000000000000000C /* popup.html */; };
		01000000000000000000000F /* popup.css in Resources */ = {isa = PBXBuildFile; fileRef = 02000000000000000000000D /* popup.css */; };
		010000000000000000000010 /* popup.js in Resources */ = {isa = PBXBuildFile; fileRef = 02000000000000000000000E /* popup.js */; };
		010000000000000000000011 /* AutoEnglishExtension.appex in Embed App Extensions */ = {isa = PBXBuildFile; fileRef = 020000000000000000000011 /* AutoEnglishExtension.appex */; settings = {ATTRIBUTES = (RemoveHeadersOnCopy, ); }; };
		010000000000000000000012 /* native-queue.js in Resources */ = {isa = PBXBuildFile; fileRef = 020000000000000000000016 /* native-queue.js */; };
		010000000000000000000013 /* icons in Resources */ = {isa = PBXBuildFile; fileRef = 020000000000000000000017 /* icons */; };
		010000000000000000000014 /* Assets.xcassets in Resources */ = {isa = PBXBuildFile; fileRef = 020000000000000000000018 /* Assets.xcassets */; };
/* End PBXBuildFile section */

/* Begin PBXContainerItemProxy section */
		030000000000000000000001 /* PBXContainerItemProxy */ = {
			isa = PBXContainerItemProxy;
			containerPortal = 040000000000000000000001 /* Project object */;
			proxyType = 1;
			remoteGlobalIDString = 050000000000000000000002;
			remoteInfo = AutoEnglishExtension;
		};
/* End PBXContainerItemProxy section */

/* Begin PBXCopyFilesBuildPhase section */
		060000000000000000000003 /* Embed App Extensions */ = {
			isa = PBXCopyFilesBuildPhase;
			buildActionMask = 2147483647;
			dstPath = "";
			dstSubfolderSpec = 13;
			files = (
				010000000000000000000011 /* AutoEnglishExtension.appex in Embed App Extensions */,
			);
			name = "Embed App Extensions";
			runOnlyForDeploymentPostprocessing = 0;
		};
/* End PBXCopyFilesBuildPhase section */

/* Begin PBXFileReference section */
		020000000000000000000001 /* AutoEnglishApp.swift */ = {isa = PBXFileReference; lastKnownFileType = sourcecode.swift; path = AutoEnglishApp.swift; sourceTree = "<group>"; };
		020000000000000000000002 /* ContentView.swift */ = {isa = PBXFileReference; lastKnownFileType = sourcecode.swift; path = ContentView.swift; sourceTree = "<group>"; };
		020000000000000000000003 /* Info.plist */ = {isa = PBXFileReference; lastKnownFileType = text.plist.xml; path = Info.plist; sourceTree = "<group>"; };
		020000000000000000000004 /* AutoEnglish.entitlements */ = {isa = PBXFileReference; lastKnownFileType = text.plist.entitlements; path = AutoEnglish.entitlements; sourceTree = "<group>"; };
		020000000000000000000005 /* SafariWebExtensionHandler.swift */ = {isa = PBXFileReference; lastKnownFileType = sourcecode.swift; path = SafariWebExtensionHandler.swift; sourceTree = "<group>"; };
		020000000000000000000006 /* TranslationService.swift */ = {isa = PBXFileReference; lastKnownFileType = sourcecode.swift; path = TranslationService.swift; sourceTree = "<group>"; };
		020000000000000000000007 /* TranslationCache.swift */ = {isa = PBXFileReference; lastKnownFileType = sourcecode.swift; path = TranslationCache.swift; sourceTree = "<group>"; };
		020000000000000000000008 /* manifest.json */ = {isa = PBXFileReference; lastKnownFileType = text.json; path = manifest.json; sourceTree = "<group>"; };
		020000000000000000000009 /* shared.js */ = {isa = PBXFileReference; lastKnownFileType = sourcecode.javascript; path = shared.js; sourceTree = "<group>"; };
		02000000000000000000000A /* background.js */ = {isa = PBXFileReference; lastKnownFileType = sourcecode.javascript; path = background.js; sourceTree = "<group>"; };
		02000000000000000000000B /* content.js */ = {isa = PBXFileReference; lastKnownFileType = sourcecode.javascript; path = content.js; sourceTree = "<group>"; };
		02000000000000000000000C /* popup.html */ = {isa = PBXFileReference; lastKnownFileType = text.html; path = popup.html; sourceTree = "<group>"; };
		02000000000000000000000D /* popup.css */ = {isa = PBXFileReference; lastKnownFileType = text.css; path = popup.css; sourceTree = "<group>"; };
		02000000000000000000000E /* popup.js */ = {isa = PBXFileReference; lastKnownFileType = sourcecode.javascript; path = popup.js; sourceTree = "<group>"; };
		02000000000000000000000F /* Info.plist */ = {isa = PBXFileReference; lastKnownFileType = text.plist.xml; path = Info.plist; sourceTree = "<group>"; };
		020000000000000000000010 /* AutoEnglishExtension.entitlements */ = {isa = PBXFileReference; lastKnownFileType = text.plist.entitlements; path = AutoEnglishExtension.entitlements; sourceTree = "<group>"; };
		020000000000000000000011 /* AutoEnglishExtension.appex */ = {isa = PBXFileReference; explicitFileType = "wrapper.app-extension"; includeInIndex = 0; path = AutoEnglishExtension.appex; sourceTree = BUILT_PRODUCTS_DIR; };
		020000000000000000000012 /* SafariServices.framework */ = {isa = PBXFileReference; lastKnownFileType = wrapper.framework; name = SafariServices.framework; path = System/Library/Frameworks/SafariServices.framework; sourceTree = SDKROOT; };
		020000000000000000000013 /* Translation.framework */ = {isa = PBXFileReference; lastKnownFileType = wrapper.framework; name = Translation.framework; path = System/Library/Frameworks/Translation.framework; sourceTree = SDKROOT; };
		020000000000000000000014 /* AutoEnglish.app */ = {isa = PBXFileReference; explicitFileType = wrapper.application; includeInIndex = 0; path = AutoEnglish.app; sourceTree = BUILT_PRODUCTS_DIR; };
		020000000000000000000015 /* README.md */ = {isa = PBXFileReference; lastKnownFileType = net.daringfireball.markdown; path = README.md; sourceTree = "<group>"; };
		020000000000000000000016 /* native-queue.js */ = {isa = PBXFileReference; lastKnownFileType = sourcecode.javascript; path = "native-queue.js"; sourceTree = "<group>"; };
		020000000000000000000017 /* icons */ = {isa = PBXFileReference; lastKnownFileType = folder; path = icons; sourceTree = "<group>"; };
		020000000000000000000018 /* Assets.xcassets */ = {isa = PBXFileReference; lastKnownFileType = folder.assetcatalog; path = Assets.xcassets; sourceTree = "<group>"; };
/* End PBXFileReference section */

/* Begin PBXFrameworksBuildPhase section */
		060000000000000000000001 /* Frameworks */ = {
			isa = PBXFrameworksBuildPhase;
			buildActionMask = 2147483647;
			files = (
				010000000000000000000003 /* SafariServices.framework in Frameworks */,
				010000000000000000000004 /* Translation.framework in Frameworks */,
			);
			runOnlyForDeploymentPostprocessing = 0;
		};
		060000000000000000000004 /* Frameworks */ = {
			isa = PBXFrameworksBuildPhase;
			buildActionMask = 2147483647;
			files = (
				010000000000000000000008 /* SafariServices.framework in Frameworks */,
				010000000000000000000009 /* Translation.framework in Frameworks */,
			);
			runOnlyForDeploymentPostprocessing = 0;
		};
/* End PBXFrameworksBuildPhase section */

/* Begin PBXGroup section */
		070000000000000000000001 = {
			isa = PBXGroup;
			children = (
				070000000000000000000002 /* AutoEnglishApp */,
				070000000000000000000003 /* AutoEnglishExtension */,
				070000000000000000000005 /* SharedNative */,
				070000000000000000000006 /* Frameworks */,
				070000000000000000000004 /* Products */,
				020000000000000000000015 /* README.md */,
			);
			sourceTree = "<group>";
		};
		070000000000000000000002 /* AutoEnglishApp */ = {
			isa = PBXGroup;
			children = (
				020000000000000000000001 /* AutoEnglishApp.swift */,
				020000000000000000000002 /* ContentView.swift */,
				020000000000000000000018 /* Assets.xcassets */,
				020000000000000000000003 /* Info.plist */,
				020000000000000000000004 /* AutoEnglish.entitlements */,
			);
			path = AutoEnglishApp;
			sourceTree = "<group>";
		};
		070000000000000000000003 /* AutoEnglishExtension */ = {
			isa = PBXGroup;
			children = (
				020000000000000000000005 /* SafariWebExtensionHandler.swift */,
				020000000000000000000006 /* TranslationService.swift */,
				070000000000000000000007 /* Resources */,
				02000000000000000000000F /* Info.plist */,
				020000000000000000000010 /* AutoEnglishExtension.entitlements */,
			);
			path = AutoEnglishExtension;
			sourceTree = "<group>";
		};
		070000000000000000000004 /* Products */ = {
			isa = PBXGroup;
			children = (
				020000000000000000000014 /* AutoEnglish.app */,
				020000000000000000000011 /* AutoEnglishExtension.appex */,
			);
			name = Products;
			sourceTree = "<group>";
		};
		070000000000000000000005 /* SharedNative */ = {
			isa = PBXGroup;
			children = (
				020000000000000000000007 /* TranslationCache.swift */,
			);
			path = SharedNative;
			sourceTree = "<group>";
		};
		070000000000000000000006 /* Frameworks */ = {
			isa = PBXGroup;
			children = (
				020000000000000000000012 /* SafariServices.framework */,
				020000000000000000000013 /* Translation.framework */,
			);
			name = Frameworks;
			sourceTree = "<group>";
		};
		070000000000000000000007 /* Resources */ = {
			isa = PBXGroup;
			children = (
				020000000000000000000008 /* manifest.json */,
				020000000000000000000009 /* shared.js */,
				020000000000000000000016 /* native-queue.js */,
				020000000000000000000017 /* icons */,
				02000000000000000000000A /* background.js */,
				02000000000000000000000B /* content.js */,
				02000000000000000000000C /* popup.html */,
				02000000000000000000000D /* popup.css */,
				02000000000000000000000E /* popup.js */,
			);
			path = Resources;
			sourceTree = "<group>";
		};
/* End PBXGroup section */

/* Begin PBXNativeTarget section */
		050000000000000000000001 /* AutoEnglish */ = {
			isa = PBXNativeTarget;
			buildConfigurationList = 080000000000000000000002 /* Build configuration list for PBXNativeTarget "AutoEnglish" */;
			buildPhases = (
				060000000000000000000005 /* Sources */,
				060000000000000000000001 /* Frameworks */,
				060000000000000000000006 /* Resources */,
				060000000000000000000003 /* Embed App Extensions */,
			);
			buildRules = (
			);
			dependencies = (
				090000000000000000000001 /* PBXTargetDependency */,
			);
			name = AutoEnglish;
			productName = AutoEnglish;
			productReference = 020000000000000000000014 /* AutoEnglish.app */;
			productType = "com.apple.product-type.application";
		};
		050000000000000000000002 /* AutoEnglishExtension */ = {
			isa = PBXNativeTarget;
			buildConfigurationList = 080000000000000000000003 /* Build configuration list for PBXNativeTarget "AutoEnglishExtension" */;
			buildPhases = (
				060000000000000000000007 /* Sources */,
				060000000000000000000004 /* Frameworks */,
				060000000000000000000008 /* Resources */,
			);
			buildRules = (
			);
			dependencies = (
			);
			name = AutoEnglishExtension;
			productName = AutoEnglishExtension;
			productReference = 020000000000000000000011 /* AutoEnglishExtension.appex */;
			productType = "com.apple.product-type.app-extension";
		};
/* End PBXNativeTarget section */

/* Begin PBXProject section */
		040000000000000000000001 /* Project object */ = {
			isa = PBXProject;
			attributes = {
				BuildIndependentTargetsInParallel = 1;
				LastSwiftUpdateCheck = 2660;
				LastUpgradeCheck = 2660;
				TargetAttributes = {
					050000000000000000000001 = {
						CreatedOnToolsVersion = 26.6;
					};
					050000000000000000000002 = {
						CreatedOnToolsVersion = 26.6;
					};
				};
			};
			buildConfigurationList = 080000000000000000000001 /* Build configuration list for PBXProject "AutoEnglish" */;
			compatibilityVersion = "Xcode 16.0";
			developmentRegion = en;
			hasScannedForEncodings = 0;
			knownRegions = (
				en,
				Base,
			);
			mainGroup = 070000000000000000000001;
			productRefGroup = 070000000000000000000004 /* Products */;
			projectDirPath = "";
			projectRoot = "";
			targets = (
				050000000000000000000001 /* AutoEnglish */,
				050000000000000000000002 /* AutoEnglishExtension */,
			);
		};
/* End PBXProject section */

/* Begin PBXResourcesBuildPhase section */
		060000000000000000000006 /* Resources */ = {
			isa = PBXResourcesBuildPhase;
			buildActionMask = 2147483647;
			files = (
				010000000000000000000014 /* Assets.xcassets in Resources */,
			);
			runOnlyForDeploymentPostprocessing = 0;
		};
		060000000000000000000008 /* Resources */ = {
			isa = PBXResourcesBuildPhase;
			buildActionMask = 2147483647;
			files = (
				01000000000000000000000A /* manifest.json in Resources */,
				01000000000000000000000B /* shared.js in Resources */,
				010000000000000000000012 /* native-queue.js in Resources */,
				010000000000000000000013 /* icons in Resources */,
				01000000000000000000000C /* background.js in Resources */,
				01000000000000000000000D /* content.js in Resources */,
				01000000000000000000000E /* popup.html in Resources */,
				01000000000000000000000F /* popup.css in Resources */,
				010000000000000000000010 /* popup.js in Resources */,
			);
			runOnlyForDeploymentPostprocessing = 0;
		};
/* End PBXResourcesBuildPhase section */

/* Begin PBXSourcesBuildPhase section */
		060000000000000000000005 /* Sources */ = {
			isa = PBXSourcesBuildPhase;
			buildActionMask = 2147483647;
			files = (
				010000000000000000000001 /* AutoEnglishApp.swift in Sources */,
				010000000000000000000002 /* ContentView.swift in Sources */,
			);
			runOnlyForDeploymentPostprocessing = 0;
		};
		060000000000000000000007 /* Sources */ = {
			isa = PBXSourcesBuildPhase;
			buildActionMask = 2147483647;
			files = (
				010000000000000000000005 /* SafariWebExtensionHandler.swift in Sources */,
				010000000000000000000006 /* TranslationService.swift in Sources */,
				010000000000000000000007 /* TranslationCache.swift in Sources */,
			);
			runOnlyForDeploymentPostprocessing = 0;
		};
/* End PBXSourcesBuildPhase section */

/* Begin PBXTargetDependency section */
		090000000000000000000001 /* PBXTargetDependency */ = {
			isa = PBXTargetDependency;
			target = 050000000000000000000002 /* AutoEnglishExtension */;
			targetProxy = 030000000000000000000001 /* PBXContainerItemProxy */;
		};
/* End PBXTargetDependency section */

/* Begin XCBuildConfiguration section */
		0A0000000000000000000001 /* Debug */ = {
			isa = XCBuildConfiguration;
			buildSettings = {
				CLANG_ENABLE_MODULES = YES;
				CLANG_ENABLE_OBJC_ARC = YES;
				DEBUG_INFORMATION_FORMAT = dwarf;
				ENABLE_TESTABILITY = YES;
				GCC_C_LANGUAGE_STANDARD = gnu17;
				MACOSX_DEPLOYMENT_TARGET = 26.0;
				ONLY_ACTIVE_ARCH = YES;
				SDKROOT = macosx;
				SWIFT_ACTIVE_COMPILATION_CONDITIONS = DEBUG;
				SWIFT_OPTIMIZATION_LEVEL = "-Onone";
			};
			name = Debug;
		};
		0A0000000000000000000002 /* Release */ = {
			isa = XCBuildConfiguration;
			buildSettings = {
				CLANG_ENABLE_MODULES = YES;
				CLANG_ENABLE_OBJC_ARC = YES;
				DEBUG_INFORMATION_FORMAT = "dwarf-with-dsym";
				ENABLE_NS_ASSERTIONS = NO;
				GCC_C_LANGUAGE_STANDARD = gnu17;
				MACOSX_DEPLOYMENT_TARGET = 26.0;
				SDKROOT = macosx;
				SWIFT_COMPILATION_MODE = wholemodule;
				SWIFT_OPTIMIZATION_LEVEL = "-O";
			};
			name = Release;
		};
		0A0000000000000000000003 /* Debug */ = {
			isa = XCBuildConfiguration;
			buildSettings = {
				ASSETCATALOG_COMPILER_APPICON_NAME = AppIcon;
				CODE_SIGN_ENTITLEMENTS = AutoEnglishApp/AutoEnglish.entitlements;
				CODE_SIGN_STYLE = Automatic;
				COMBINE_HIDPI_IMAGES = YES;
				GENERATE_INFOPLIST_FILE = NO;
				INFOPLIST_FILE = AutoEnglishApp/Info.plist;
				LD_RUNPATH_SEARCH_PATHS = (
					"$(inherited)",
					"@executable_path/../Frameworks",
				);
				MACOSX_DEPLOYMENT_TARGET = 26.0;
				PRODUCT_BUNDLE_IDENTIFIER = com.example.PageBridge;
				PRODUCT_NAME = "$(TARGET_NAME)";
				SWIFT_STRICT_CONCURRENCY = minimal;
				SWIFT_VERSION = 5.0;
			};
			name = Debug;
		};
		0A0000000000000000000004 /* Release */ = {
			isa = XCBuildConfiguration;
			buildSettings = {
				ASSETCATALOG_COMPILER_APPICON_NAME = AppIcon;
				CODE_SIGN_ENTITLEMENTS = AutoEnglishApp/AutoEnglish.entitlements;
				CODE_SIGN_STYLE = Automatic;
				COMBINE_HIDPI_IMAGES = YES;
				GENERATE_INFOPLIST_FILE = NO;
				INFOPLIST_FILE = AutoEnglishApp/Info.plist;
				LD_RUNPATH_SEARCH_PATHS = (
					"$(inherited)",
					"@executable_path/../Frameworks",
				);
				MACOSX_DEPLOYMENT_TARGET = 26.0;
				PRODUCT_BUNDLE_IDENTIFIER = com.example.PageBridge;
				PRODUCT_NAME = "$(TARGET_NAME)";
				SWIFT_STRICT_CONCURRENCY = minimal;
				SWIFT_VERSION = 5.0;
			};
			name = Release;
		};
		0A0000000000000000000005 /* Debug */ = {
			isa = XCBuildConfiguration;
			buildSettings = {
				APPLICATION_EXTENSION_API_ONLY = YES;
				CODE_SIGN_ENTITLEMENTS = AutoEnglishExtension/AutoEnglishExtension.entitlements;
				CODE_SIGN_STYLE = Automatic;
				GENERATE_INFOPLIST_FILE = NO;
				INFOPLIST_FILE = AutoEnglishExtension/Info.plist;
				LD_RUNPATH_SEARCH_PATHS = (
					"$(inherited)",
					"@executable_path/../../../../Frameworks",
					"@executable_path/../Frameworks",
				);
				MACOSX_DEPLOYMENT_TARGET = 26.0;
				PRODUCT_BUNDLE_IDENTIFIER = com.example.PageBridge.Extension;
				PRODUCT_NAME = "$(TARGET_NAME)";
				SKIP_INSTALL = YES;
				SWIFT_STRICT_CONCURRENCY = minimal;
				SWIFT_VERSION = 5.0;
			};
			name = Debug;
		};
		0A0000000000000000000006 /* Release */ = {
			isa = XCBuildConfiguration;
			buildSettings = {
				APPLICATION_EXTENSION_API_ONLY = YES;
				CODE_SIGN_ENTITLEMENTS = AutoEnglishExtension/AutoEnglishExtension.entitlements;
				CODE_SIGN_STYLE = Automatic;
				GENERATE_INFOPLIST_FILE = NO;
				INFOPLIST_FILE = AutoEnglishExtension/Info.plist;
				LD_RUNPATH_SEARCH_PATHS = (
					"$(inherited)",
					"@executable_path/../../../../Frameworks",
					"@executable_path/../Frameworks",
				);
				MACOSX_DEPLOYMENT_TARGET = 26.0;
				PRODUCT_BUNDLE_IDENTIFIER = com.example.PageBridge.Extension;
				PRODUCT_NAME = "$(TARGET_NAME)";
				SKIP_INSTALL = YES;
				SWIFT_STRICT_CONCURRENCY = minimal;
				SWIFT_VERSION = 5.0;
			};
			name = Release;
		};
/* End XCBuildConfiguration section */

/* Begin XCConfigurationList section */
		080000000000000000000001 /* Build configuration list for PBXProject "AutoEnglish" */ = {
			isa = XCConfigurationList;
			buildConfigurations = (
				0A0000000000000000000001 /* Debug */,
				0A0000000000000000000002 /* Release */,
			);
			defaultConfigurationIsVisible = 0;
			defaultConfigurationName = Release;
		};
		080000000000000000000002 /* Build configuration list for PBXNativeTarget "AutoEnglish" */ = {
			isa = XCConfigurationList;
			buildConfigurations = (
				0A0000000000000000000003 /* Debug */,
				0A0000000000000000000004 /* Release */,
			);
			defaultConfigurationIsVisible = 0;
			defaultConfigurationName = Release;
		};
		080000000000000000000003 /* Build configuration list for PBXNativeTarget "AutoEnglishExtension" */ = {
			isa = XCConfigurationList;
			buildConfigurations = (
				0A0000000000000000000005 /* Debug */,
				0A0000000000000000000006 /* Release */,
			);
			defaultConfigurationIsVisible = 0;
			defaultConfigurationName = Release;
		};
/* End XCConfigurationList section */
	};
	rootObject = 040000000000000000000001 /* Project object */;
}
